
Microsoft Visual Studio Solution File, Format Version 12.00
# Visual Studio Version 17
VisualStudioVersion = 17.4.33205.214
MinimumVisualStudioVersion = 10.0.40219.1
Project("{FAE04EC0-301F-11D3-BF4B-00C04F79EFBC}") = "BatchCommit", "BatchCommit.csproj", "{EC960063-15EA-4E60-A3D6-0862C4575467}"
EndProject
Global
	GlobalSection(SolutionConfigurationPlatforms) = preSolution
		Debug|Any CPU = Debug|Any CPU
		Release|Any CPU = Release|Any CPU
	EndGlobalSection
	GlobalSection(ProjectConfigurationPlatforms) = postSolution
		{EC960063-15EA-4E60-A3D6-0862C4575467}.Debug|Any CPU.ActiveCfg = Debug|Any CPU
		{EC960063-15EA-4E60-A3D6-0862C4575467}.Debug|Any CPU.Build.0 = Debug|Any CPU
		{EC960063-15EA-4E60-A3D6-0862C4575467}.Release|Any CPU.ActiveCfg = Release|Any CPU
		{EC960063-15EA-4E60-A3D6-0862C4575467}.Release|Any CPU.Build.0 = Release|Any CPU
	EndGlobalSection
	GlobalSection(SolutionProperties) = preSolution
		HideSolutionNode = FALSE
	EndGlobalSection
	GlobalSection(ExtensibilityGlobals) = postSolution
		SolutionGuid = {8CF57D36-2C18-4EFA-8D47-E7EE0966861D}
	EndGlobalSection
EndGlobal
